
Microsoft Visual Studio Solution File, Format Version 12.00
# Visual Studio Version 17
VisualStudioVersion = 17.5.33424.131
MinimumVisualStudioVersion = 10.0.40219.1
Project("{9A19103F-16F7-4668-BE54-9A1E7A4F7556}") = "TestLib", "TestLib\TestLib.csproj", "{47E81299-DF1E-4FDD-81C8-554A6C982E75}"
EndProject
Project("{FAE04EC0-301F-11D3-BF4B-00C04F79EFBC}") = "TestApp", "TestApp\TestApp.csproj", "{EE5A6D38-643E-4BCA-B71C-B03FD0D95B7B}"
EndProject
Project("{FAE04EC0-301F-11D3-BF4B-00C04F79EFBC}") = "TestCodeGen", "TestCodeGen\TestCodeGen.csproj", "{44F0DC81-01A1-48CD-800E-8AA227959D02}"
EndProject
Global
	GlobalSection(SolutionConfigurationPlatforms) = preSolution
		Debug|Any CPU = Debug|Any CPU
		Release|Any CPU = Release|Any CPU
	EndGlobalSection
	GlobalSection(ProjectConfigurationPlatforms) = postSolution
		{47E81299-DF1E-4FDD-81C8-554A6C982E75}.Debug|Any CPU.ActiveCfg = Debug|Any CPU
		{47E81299-DF1E-4FDD-81C8-554A6C982E75}.Debug|Any CPU.Build.0 = Debug|Any CPU
		{47E81299-DF1E-4FDD-81C8-554A6C982E75}.Release|Any CPU.ActiveCfg = Release|Any CPU
		{47E81299-DF1E-4FDD-81C8-554A6C982E75}.Release|Any CPU.Build.0 = Release|Any CPU
		{EE5A6D38-643E-4BCA-B71C-B03FD0D95B7B}.Debug|Any CPU.ActiveCfg = Debug|Any CPU
		{EE5A6D38-643E-4BCA-B71C-B03FD0D95B7B}.Debug|Any CPU.Build.0 = Debug|Any CPU
		{EE5A6D38-643E-4BCA-B71C-B03FD0D95B7B}.Release|Any CPU.ActiveCfg = Release|Any CPU
		{EE5A6D38-643E-4BCA-B71C-B03FD0D95B7B}.Release|Any CPU.Build.0 = Release|Any CPU
		{44F0DC81-01A1-48CD-800E-8AA227959D02}.Debug|Any CPU.ActiveCfg = Debug|Any CPU
		{44F0DC81-01A1-48CD-800E-8AA227959D02}.Debug|Any CPU.Build.0 = Debug|Any CPU
		{44F0DC81-01A1-48CD-800E-8AA227959D02}.Release|Any CPU.ActiveCfg = Release|Any CPU
		{44F0DC81-01A1-48CD-800E-8AA227959D02}.Release|Any CPU.Build.0 = Release|Any CPU
	EndGlobalSection
	GlobalSection(SolutionProperties) = preSolution
		HideSolutionNode = FALSE
	EndGlobalSection
	GlobalSection(ExtensibilityGlobals) = postSolution
		SolutionGuid = {EA07C544-F9DE-4DA8-A352-1AA77F6ABC6B}
	EndGlobalSection
EndGlobal
